// !$*UTF8*$!
{
	archiveVersion = 1;
	classes = {
	};
	objectVersion = 46;
	objects = {

/* Begin PBXBuildFile section */
		0D999C641BE8A6E3008810C1 /* main.m in Sources */ = {isa = PBXBuildFile; fileRef = 0D999C631BE8A6E3008810C1 /* main.m */; };
		0D999C671BE8A6E3008810C1 /* AppDelegate.m in Sources */ = {isa = PBXBuildFile; fileRef = 0D999C661BE8A6E3008810C1 /* AppDelegate.m */; };
		0D999C6A1BE8A6E3008810C1 /* ViewController.m in Sources */ = {isa = PBXBuildFile; fileRef = 0D999C691BE8A6E3008810C1 /* ViewController.m */; };
		0D999C6D1BE8A6E3008810C1 /* Main.storyboard in Resources */ = {isa = PBXBuildFile; fileRef = 0D999C6B1BE8A6E3008810C1 /* Main.storyboard */; };
		0D999C6F1BE8A6E3008810C1 /* Assets.xcassets in Resources */ = {isa = PBXBuildFile; fileRef = 0D999C6E1BE8A6E3008810C1 /* Assets.xcassets */; };
		0D999C721BE8A6E3008810C1 /* LaunchScreen.storyboard in Resources */ = {isa = PBXBuildFile; fileRef = 0D999C701BE8A6E3008810C1 /* LaunchScreen.storyboard */; };
		0D999C7D1BE8A6E3008810C1 /* JZMultiChoicesCircleButtonTests.m in Sources */ = {isa = PBXBuildFile; fileRef = 0D999C7C1BE8A6E3008810C1 /* JZMultiChoicesCircleButtonTests.m */; };
		0D999C881BE8A6E3008810C1 /* JZMultiChoicesCircleButtonUITests.m in Sources */ = {isa = PBXBuildFile; fileRef = 0D999C871BE8A6E3008810C1 /* JZMultiChoicesCircleButtonUITests.m */; };
		0D999C971BE8A734008810C1 /* JZMultiChoicesCircleButton.m in Sources */ = {isa = PBXBuildFile; fileRef = 0D999C961BE8A734008810C1 /* JZMultiChoicesCircleButton.m */; };
/* End PBXBuildFile section */

/* Begin PBXContainerItemProxy section */
		0D999C791BE8A6E3008810C1 /* PBXContainerItemProxy */ = {
			isa = PBXContainerItemProxy;
			containerPortal = 0D999C571BE8A6E3008810C1 /* Project object */;
			proxyType = 1;
			remoteGlobalIDString = 0D999C5E1BE8A6E3008810C1;
			remoteInfo = JZMultiChoicesCircleButton;
		};
		0D999C841BE8A6E3008810C1 /* PBXContainerItemProxy */ = {
			isa = PBXContainerItemProxy;
			containerPortal = 0D999C571BE8A6E3008810C1 /* Project object */;
			proxyType = 1;
			remoteGlobalIDString = 0D999C5E1BE8A6E3008810C1;
			remoteInfo = JZMultiChoicesCircleButton;
		};
/* End PBXContainerItemProxy section */

/* Begin PBXFileReference section */
		0D999C5F1BE8A6E3008810C1 /* JZMultiChoicesCircleButton.app */ = {isa = PBXFileReference; explicitFileType = wrapper.application; includeInIndex = 0; path = JZMultiChoicesCircleButton.app; sourceTree = BUILT_PRODUCTS_DIR; };
		0D999C631BE8A6E3008810C1 /* main.m */ = {isa = PBXFileReference; lastKnownFileType = sourcecode.c.objc; path = main.m; sourceTree = "<group>"; };
		0D999C651BE8A6E3008810C1 /* AppDelegate.h */ = {isa = PBXFileReference; lastKnownFileType = sourcecode.c.h; path = AppDelegate.h; sourceTree = "<group>"; };
		0D999C661BE8A6E3008810C1 /* AppDelegate.m */ = {isa = PBXFileReference; lastKnownFileType = sourcecode.c.objc; path = AppDelegate.m; sourceTree = "<group>"; };
		0D999C681BE8A6E3008810C1 /* ViewController.h */ = {isa = PBXFileReference; lastKnownFileType = sourcecode.c.h; path = ViewController.h; sourceTree = "<group>"; };
		0D999C691BE8A6E3008810C1 /* ViewController.m */ = {isa = PBXFileReference; lastKnownFileType = sourcecode.c.objc; path = ViewController.m; sourceTree = "<group>"; };
		0D999C6C1BE8A6E3008810C1 /* Base */ = {isa = PBXFileReference; lastKnownFileType = file.storyboard; name = Base; path = Base.lproj/Main.storyboard; sourceTree = "<group>"; };
		0D999C6E1BE8A6E3008810C1 /* Assets.xcassets */ = {isa = PBXFileReference; lastKnownFileType = folder.assetcatalog; path = Assets.xcassets; sourceTree = "<group>"; };
		0D999C711BE8A6E3008810C1 /* Base */ = {isa = PBXFileReference; lastKnownFileType = file.storyboard; name = Base; path = Base.lproj/LaunchScreen.storyboard; sourceTree = "<group>"; };
		0D999C731BE8A6E3008810C1 /* Info.plist */ = {isa = PBXFileReference; lastKnownFileType = text.plist.xml; path = Info.plist; sourceTree = "<group>"; };
		0D999C781BE8A6E3008810C1 /* JZMultiChoicesCircleButtonTests.xctest */ = {isa = PBXFileReference; explicitFileType = wrapper.cfbundle; includeInIndex = 0; path = JZMultiChoicesCircleButtonTests.xctest; sourceTree = BUILT_PRODUCTS_DIR; };
		0D999C7C1BE8A6E3008810C1 /* JZMultiChoicesCircleButtonTests.m */ = {isa = PBXFileReference; lastKnownFileType = sourcecode.c.objc; path = JZMultiChoicesCircleButtonTests.m; sourceTree = "<group>"; };
		0D999C7E1BE8A6E3008810C1 /* Info.plist */ = {isa = PBXFileReference; lastKnownFileType = text.plist.xml; path = Info.plist; sourceTree = "<group>"; };
		0D999C831BE8A6E3008810C1 /* JZMultiChoicesCircleButtonUITests.xctest */ = {isa = PBXFileReference; explicitFileType = wrapper.cfbundle; includeInIndex = 0; path = JZMultiChoicesCircleButtonUITests.xctest; sourceTree = BUILT_PRODUCTS_DIR; };
		0D999C871BE8A6E3008810C1 /* JZMultiChoicesCircleButtonUITests.m */ = {isa = PBXFileReference; lastKnownFileType = sourcecode.c.objc; path = JZMultiChoicesCircleButtonUITests.m; sourceTree = "<group>"; };
		0D999C891BE8A6E3008810C1 /* Info.plist */ = {isa = PBXFileReference; lastKnownFileType = text.plist.xml; path = Info.plist; sourceTree = "<group>"; };
		0D999C951BE8A734008810C1 /* JZMultiChoicesCircleButton.h */ = {isa = PBXFileReference; fileEncoding = 4; lastKnownFileType = sourcecode.c.h; path = JZMultiChoicesCircleButton.h; sourceTree = "<group>"; };
		0D999C961BE8A734008810C1 /* JZMultiChoicesCircleButton.m */ = {isa = PBXFileReference; fileEncoding = 4; lastKnownFileType = sourcecode.c.objc; path = JZMultiChoicesCircleButton.m; sourceTree = "<group>"; };
/* End PBXFileReference section */

/* Begin PBXFrameworksBuildPhase section */
		0D999C5C1BE8A6E3008810C1 /* Frameworks */ = {
			isa = PBXFrameworksBuildPhase;
			buildActionMask = 2147483647;
			files = (
			);
			runOnlyForDeploymentPostprocessing = 0;
		};
		0D999C751BE8A6E3008810C1 /* Frameworks */ = {
			isa = PBXFrameworksBuildPhase;
			buildActionMask = 2147483647;
			files = (
			);
			runOnlyForDeploymentPostprocessing = 0;
		};
		0D999C801BE8A6E3008810C1 /* Frameworks */ = {
			isa = PBXFrameworksBuildPhase;
			buildActionMask = 2147483647;
			files = (
			);
			runOnlyForDeploymentPostprocessing = 0;
		};
/* End PBXFrameworksBuildPhase section */

/* Begin PBXGroup section */
		0D999C561BE8A6E3008810C1 = {
			isa = PBXGroup;
			children = (
				0D999C611BE8A6E3008810C1 /* JZMultiChoicesCircleButton */,
				0D999C7B1BE8A6E3008810C1 /* JZMultiChoicesCircleButtonTests */,
				0D999C861BE8A6E3008810C1 /* JZMultiChoicesCircleButtonUITests */,
				0D999C601BE8A6E3008810C1 /* Products */,
			);
			sourceTree = "<group>";
		};
		0D999C601BE8A6E3008810C1 /* Products */ = {
			isa = PBXGroup;
			children = (
				0D999C5F1BE8A6E3008810C1 /* JZMultiChoicesCircleButton.app */,
				0D999C781BE8A6E3008810C1 /* JZMultiChoicesCircleButtonTests.xctest */,
				0D999C831BE8A6E3008810C1 /* JZMultiChoicesCircleButtonUITests.xctest */,
			);
			name = Products;
			sourceTree = "<group>";
		};
		0D999C611BE8A6E3008810C1 /* JZMultiChoicesCircleButton */ = {
			isa = PBXGroup;
			children = (
				0D999C651BE8A6E3008810C1 /* AppDelegate.h */,
				0D999C661BE8A6E3008810C1 /* AppDelegate.m */,
				0D999C681BE8A6E3008810C1 /* ViewController.h */,
				0D999C691BE8A6E3008810C1 /* ViewController.m */,
				0D999C951BE8A734008810C1 /* JZMultiChoicesCircleButton.h */,
				0D999C961BE8A734008810C1 /* JZMultiChoicesCircleButton.m */,
				0D999C6B1BE8A6E3008810C1 /* Main.storyboard */,
				0D999C6E1BE8A6E3008810C1 /* Assets.xcassets */,
				0D999C701BE8A6E3008810C1 /* LaunchScreen.storyboard */,
				0D999C731BE8A6E3008810C1 /* Info.plist */,
				0D999C621BE8A6E3008810C1 /* Supporting Files */,
			);
			path = JZMultiChoicesCircleButton;
			sourceTree = "<group>";
		};
		0D999C621BE8A6E3008810C1 /* Supporting Files */ = {
			isa = PBXGroup;
			children = (
				0D999C631BE8A6E3008810C1 /* main.m */,
			);
			name = "Supporting Files";
			sourceTree = "<group>";
		};
		0D999C7B1BE8A6E3008810C1 /* JZMultiChoicesCircleButtonTests */ = {
			isa = PBXGroup;
			children = (
				0D999C7C1BE8A6E3008810C1 /* JZMultiChoicesCircleButtonTests.m */,
				0D999C7E1BE8A6E3008810C1 /* Info.plist */,
			);
			path = JZMultiChoicesCircleButtonTests;
			sourceTree = "<group>";
		};
		0D999C861BE8A6E3008810C1 /* JZMultiChoicesCircleButtonUITests */ = {
			isa = PBXGroup;
			children = (
				0D999C871BE8A6E3008810C1 /* JZMultiChoicesCircleButtonUITests.m */,
				0D999C891BE8A6E3008810C1 /* Info.plist */,
			);
			path = JZMultiChoicesCircleButtonUITests;
			sourceTree = "<group>";
		};
/* End PBXGroup section */

/* Begin PBXNativeTarget section */
		0D999C5E1BE8A6E3008810C1 /* JZMultiChoicesCircleButton */ = {
			isa = PBXNativeTarget;
			buildConfigurationList = 0D999C8C1BE8A6E4008810C1 /* Build configuration list for PBXNativeTarget "JZMultiChoicesCircleButton" */;
			buildPhases = (
				0D999C5B1BE8A6E3008810C1 /* Sources */,
				0D999C5C1BE8A6E3008810C1 /* Frameworks */,
				0D999C5D1BE8A6E3008810C1 /* Resources */,
			);
			buildRules = (
			);
			dependencies = (
			);
			name = JZMultiChoicesCircleButton;
			productName = JZMultiChoicesCircleButton;
			productReference = 0D999C5F1BE8A6E3008810C1 /* JZMultiChoicesCircleButton.app */;
			productType = "com.apple.product-type.application";
		};
		0D999C771BE8A6E3008810C1 /* JZMultiChoicesCircleButtonTests */ = {
			isa = PBXNativeTarget;
			buildConfigurationList = 0D999C8F1BE8A6E4008810C1 /* Build configuration list for PBXNativeTarget "JZMultiChoicesCircleButtonTests" */;
			buildPhases = (
				0D999C741BE8A6E3008810C1 /* Sources */,
				0D999C751BE8A6E3008810C1 /* Frameworks */,
				0D999C761BE8A6E3008810C1 /* Resources */,
			);
			buildRules = (
			);
			dependencies = (
				0D999C7A1BE8A6E3008810C1 /* PBXTargetDependency */,
			);
			name = JZMultiChoicesCircleButtonTests;
			productName = JZMultiChoicesCircleButtonTests;
			productReference = 0D999C781BE8A6E3008810C1 /* JZMultiChoicesCircleButtonTests.xctest */;
			productType = "com.apple.product-type.bundle.unit-test";
		};
		0D999C821BE8A6E3008810C1 /* JZMultiChoicesCircleButtonUITests */ = {
			isa = PBXNativeTarget;
			buildConfigurationList = 0D999C921BE8A6E4008810C1 /* Build configuration list for PBXNativeTarget "JZMultiChoicesCircleButtonUITests" */;
			buildPhases = (
				0D999C7F1BE8A6E3008810C1 /* Sources */,
				0D999C801BE8A6E3008810C1 /* Frameworks */,
				0D999C811BE8A6E3008810C1 /* Resources */,
			);
			buildRules = (
			);
			dependencies = (
				0D999C851BE8A6E3008810C1 /* PBXTargetDependency */,
			);
			name = JZMultiChoicesCircleButtonUITests;
			productName = JZMultiChoicesCircleButtonUITests;
			productReference = 0D999C831BE8A6E3008810C1 /* JZMultiChoicesCircleButtonUITests.xctest */;
			productType = "com.apple.product-type.bundle.ui-testing";
		};
/* End PBXNativeTarget section */

/* Begin PBXProject section */
		0D999C571BE8A6E3008810C1 /* Project object */ = {
			isa = PBXProject;
			attributes = {
				LastUpgradeCheck = 0710;
				ORGANIZATIONNAME = "Fincher Justin";
				TargetAttributes = {
					0D999C5E1BE8A6E3008810C1 = {
						CreatedOnToolsVersion = 7.1;
					};
					0D999C771BE8A6E3008810C1 = {
						CreatedOnToolsVersion = 7.1;
						TestTargetID = 0D999C5E1BE8A6E3008810C1;
					};
					0D999C821BE8A6E3008810C1 = {
						CreatedOnToolsVersion = 7.1;
						TestTargetID = 0D999C5E1BE8A6E3008810C1;
					};
				};
			};
			buildConfigurationList = 0D999C5A1BE8A6E3008810C1 /* Build configuration list for PBXProject "JZMultiChoicesCircleButton" */;
			compatibilityVersion = "Xcode 3.2";
			developmentRegion = English;
			hasScannedForEncodings = 0;
			knownRegions = (
				en,
				Base,
			);
			mainGroup = 0D999C561BE8A6E3008810C1;
			productRefGroup = 0D999C601BE8A6E3008810C1 /* Products */;
			projectDirPath = "";
			projectRoot = "";
			targets = (
				0D999C5E1BE8A6E3008810C1 /* JZMultiChoicesCircleButton */,
				0D999C771BE8A6E3008810C1 /* JZMultiChoicesCircleButtonTests */,
				0D999C821BE8A6E3008810C1 /* JZMultiChoicesCircleButtonUITests */,
			);
		};
/* End PBXProject section */

/* Begin PBXResourcesBuildPhase section */
		0D999C5D1BE8A6E3008810C1 /* Resources */ = {
			isa = PBXResourcesBuildPhase;
			buildActionMask = 2147483647;
			files = (
				0D999C721BE8A6E3008810C1 /* LaunchScreen.storyboard in Resources */,
				0D999C6F1BE8A6E3008810C1 /* Assets.xcassets in Resources */,
				0D999C6D1BE8A6E3008810C1 /* Main.storyboard in Resources */,
			);
			runOnlyForDeploymentPostprocessing = 0;
		};
		0D999C761BE8A6E3008810C1 /* Resources */ = {
			isa = PBXResourcesBuildPhase;
			buildActionMask = 2147483647;
			files = (
			);
			runOnlyForDeploymentPostprocessing = 0;
		};
		0D999C811BE8A6E3008810C1 /* Resources */ = {
			isa = PBXResourcesBuildPhase;
			buildActionMask = 2147483647;
			files = (
			);
			runOnlyForDeploymentPostprocessing = 0;
		};
/* End PBXResourcesBuildPhase section */

/* Begin PBXSourcesBuildPhase section */
		0D999C5B1BE8A6E3008810C1 /* Sources */ = {
			isa = PBXSourcesBuildPhase;
			buildActionMask = 2147483647;
			files = (
				0D999C6A1BE8A6E3008810C1 /* ViewController.m in Sources */,
				0D999C671BE8A6E3008810C1 /* AppDelegate.m in Sources */,
				0D999C971BE8A734008810C1 /* JZMultiChoicesCircleButton.m in Sources */,
				0D999C641BE8A6E3008810C1 /* main.m in Sources */,
			);
			runOnlyForDeploymentPostprocessing = 0;
		};
		0D999C741BE8A6E3008810C1 /* Sources */ = {
			isa = PBXSourcesBuildPhase;
			buildActionMask = 2147483647;
			files = (
				0D999C7D1BE8A6E3008810C1 /* JZMultiChoicesCircleButtonTests.m in Sources */,
			);
			runOnlyForDeploymentPostprocessing = 0;
		};
		0D999C7F1BE8A6E3008810C1 /* Sources */ = {
			isa = PBXSourcesBuildPhase;
			buildActionMask = 2147483647;
			files = (
				0D999C881BE8A6E3008810C1 /* JZMultiChoicesCircleButtonUITests.m in Sources */,
			);
			runOnlyForDeploymentPostprocessing = 0;
		};
/* End PBXSourcesBuildPhase section */

/* Begin PBXTargetDependency section */
		0D999C7A1BE8A6E3008810C1 /* PBXTargetDependency */ = {
			isa = PBXTargetDependency;
			target = 0D999C5E1BE8A6E3008810C1 /* JZMultiChoicesCircleButton */;
			targetProxy = 0D999C791BE8A6E3008810C1 /* PBXContainerItemProxy */;
		};
		0D999C851BE8A6E3008810C1 /* PBXTargetDependency */ = {
			isa = PBXTargetDependency;
			target = 0D999C5E1BE8A6E3008810C1 /* JZMultiChoicesCircleButton */;
			targetProxy = 0D999C841BE8A6E3008810C1 /* PBXContainerItemProxy */;
		};
/* End PBXTargetDependency section */

/* Begin PBXVariantGroup section */
		0D999C6B1BE8A6E3008810C1 /* Main.storyboard */ = {
			isa = PBXVariantGroup;
			children = (
				0D999C6C1BE8A6E3008810C1 /* Base */,
			);
			name = Main.storyboard;
			sourceTree = "<group>";
		};
		0D999C701BE8A6E3008810C1 /* LaunchScreen.storyboard */ = {
			isa = PBXVariantGroup;
			children = (
				0D999C711BE8A6E3008810C1 /* Base */,
			);
			name = LaunchScreen.storyboard;
			sourceTree = "<group>";
		};
/* End PBXVariantGroup section */

/* Begin XCBuildConfiguration section */
		0D999C8A1BE8A6E3008810C1 /* Debug */ = {
			isa = XCBuildConfiguration;
			buildSettings = {
				ALWAYS_SEARCH_USER_PATHS = NO;
				CLANG_CXX_LANGUAGE_STANDARD = "gnu++0x";
				CLANG_CXX_LIBRARY = "libc++";
				CLANG_ENABLE_MODULES = YES;
				CLANG_ENABLE_OBJC_ARC = YES;
				CLANG_WARN_BOOL_CONVERSION = YES;
				CLANG_WARN_CONSTANT_CONVERSION = YES;
				CLANG_WARN_DIRECT_OBJC_ISA_USAGE = YES_ERROR;
				CLANG_WARN_EMPTY_BODY = YES;
				CLANG_WARN_ENUM_CONVERSION = YES;
				CLANG_WARN_INT_CONVERSION = YES;
				CLANG_WARN_OBJC_ROOT_CLASS = YES_ERROR;
				CLANG_WARN_UNREACHABLE_CODE = YES;
				CLANG_WARN__DUPLICATE_METHOD_MATCH = YES;
				"CODE_SIGN_IDENTITY[sdk=iphoneos*]" = "iPhone Developer";
				COPY_PHASE_STRIP = NO;
				DEBUG_INFORMATION_FORMAT = dwarf;
				ENABLE_STRICT_OBJC_MSGSEND = YES;
				ENABLE_TESTABILITY = YES;
				GCC_C_LANGUAGE_STANDARD = gnu99;
				GCC_DYNAMIC_NO_PIC = NO;
				GCC_NO_COMMON_BLOCKS = YES;
				GCC_OPTIMIZATION_LEVEL = 0;
				GCC_PREPROCESSOR_DEFINITIONS = (
					"DEBUG=1",
					"$(inherited)",
				);
				GCC_WARN_64_TO_32_BIT_CONVERSION = YES;
				GCC_WARN_ABOUT_RETURN_TYPE = YES_ERROR;
				GCC_WARN_UNDECLARED_SELECTOR = YES;
				GCC_WARN_UNINITIALIZED_AUTOS = YES_AGGRESSIVE;
				GCC_WARN_UNUSED_FUNCTION = YES;
				GCC_WARN_UNUSED_VARIABLE = YES;
				IPHONEOS_DEPLOYMENT_TARGET = 9.1;
				MTL_ENABLE_DEBUG_INFO = YES;
				ONLY_ACTIVE_ARCH = YES;
				SDKROOT = iphoneos;
				TARGETED_DEVICE_FAMILY = "1,2";
			};
			name = Debug;
		};
		0D999C8B1BE8A6E3008810C1 /* Release */ = {
			isa = XCBuildConfiguration;
			buildSettings = {
				ALWAYS_SEARCH_USER_PATHS = NO;
				CLANG_CXX_LANGUAGE_STANDARD = "gnu++0x";
				CLANG_CXX_LIBRARY = "libc++";
				CLANG_ENABLE_MODULES = YES;
				CLANG_ENABLE_OBJC_ARC = YES;
				CLANG_WARN_BOOL_CONVERSION = YES;
				CLANG_WARN_CONSTANT_CONVERSION = YES;
				CLANG_WARN_DIRECT_OBJC_ISA_USAGE = YES_ERROR;
				CLANG_WARN_EMPTY_BODY = YES;
				CLANG_WARN_ENUM_CONVERSION = YES;
				CLANG_WARN_INT_CONVERSION = YES;
				CLANG_WARN_OBJC_ROOT_CLASS = YES_ERROR;
				CLANG_WARN_UNREACHABLE_CODE = YES;
				CLANG_WARN__DUPLICATE_METHOD_MATCH = YES;
				"CODE_SIGN_IDENTITY[sdk=iphoneos*]" = "iPhone Developer";
				COPY_PHASE_STRIP = NO;
				DEBUG_INFORMATION_FORMAT = "dwarf-with-dsym";
				ENABLE_NS_ASSERTIONS = NO;
				ENABLE_STRICT_OBJC_MSGSEND = YES;
				GCC_C_LANGUAGE_STANDARD = gnu99;
				GCC_NO_COMMON_BLOCKS = YES;
				GCC_WARN_64_TO_32_BIT_CONVERSION = YES;
				GCC_WARN_ABOUT_RETURN_TYPE = YES_ERROR;
				GCC_WARN_UNDECLARED_SELECTOR = YES;
				GCC_WARN_UNINITIALIZED_AUTOS = YES_AGGRESSIVE;
				GCC_WARN_UNUSED_FUNCTION = YES;
				GCC_WARN_UNUSED_VARIABLE = YES;
				IPHONEOS_DEPLOYMENT_TARGET = 9.1;
				MTL_ENABLE_DEBUG_INFO = NO;
				SDKROOT = iphoneos;
				TARGETED_DEVICE_FAMILY = "1,2";
				VALIDATE_PRODUCT = YES;
			};
			name = Release;
		};
		0D999C8D1BE8A6E4008810C1 /* Debug */ = {
			isa = XCBuildConfiguration;
			buildSettings = {
				ASSETCATALOG_COMPILER_APPICON_NAME = AppIcon;
				INFOPLIST_FILE = JZMultiChoicesCircleButton/Info.plist;
				LD_RUNPATH_SEARCH_PATHS = "$(inherited) @executable_path/Frameworks";
				PRODUCT_BUNDLE_IDENTIFIER = com.JustZht.JZMultiChoicesCircleButton;
				PRODUCT_NAME = "$(TARGET_NAME)";
			};
			name = Debug;
		};
		0D999C8E1BE8A6E4008810C1 /* Release */ = {
			isa = XCBuildConfiguration;
			buildSettings = {
				ASSETCATALOG_COMPILER_APPICON_NAME = AppIcon;
				INFOPLIST_FILE = JZMultiChoicesCircleButton/Info.plist;
				LD_RUNPATH_SEARCH_PATHS = "$(inherited) @executable_path/Frameworks";
				PRODUCT_BUNDLE_IDENTIFIER = com.JustZht.JZMultiChoicesCircleButton;
				PRODUCT_NAME = "$(TARGET_NAME)";
			};
			name = Release;
		};
		0D999C901BE8A6E4008810C1 /* Debug */ = {
			isa = XCBuildConfiguration;
			buildSettings = {
				BUNDLE_LOADER = "$(TEST_HOST)";
				INFOPLIST_FILE = JZMultiChoicesCircleButtonTests/Info.plist;
				LD_RUNPATH_SEARCH_PATHS = "$(inherited) @executable_path/Frameworks @loader_path/Frameworks";
				PRODUCT_BUNDLE_IDENTIFIER = com.JustZht.JZMultiChoicesCircleButtonTests;
				PRODUCT_NAME = "$(TARGET_NAME)";
				TEST_HOST = "$(BUILT_PRODUCTS_DIR)/JZMultiChoicesCircleButton.app/JZMultiChoicesCircleButton";
			};
			name = Debug;
		};
		0D999C911BE8A6E4008810C1 /* Release */ = {
			isa = XCBuildConfiguration;
			buildSettings = {
				BUNDLE_LOADER = "$(TEST_HOST)";
				INFOPLIST_FILE = JZMultiChoicesCircleButtonTests/Info.plist;
				LD_RUNPATH_SEARCH_PATHS = "$(inherited) @executable_path/Frameworks @loader_path/Frameworks";
				PRODUCT_BUNDLE_IDENTIFIER = com.JustZht.JZMultiChoicesCircleButtonTests;
				PRODUCT_NAME = "$(TARGET_NAME)";
				TEST_HOST = "$(BUILT_PRODUCTS_DIR)/JZMultiChoicesCircleButton.app/JZMultiChoicesCircleButton";
			};
			name = Release;
		};
		0D999C931BE8A6E4008810C1 /* Debug */ = {
			isa = XCBuildConfiguration;
			buildSettings = {
				INFOPLIST_FILE = JZMultiChoicesCircleButtonUITests/Info.plist;
				LD_RUNPATH_SEARCH_PATHS = "$(inherited) @executable_path/Frameworks @loader_path/Frameworks";
				PRODUCT_BUNDLE_IDENTIFIER = com.JustZht.JZMultiChoicesCircleButtonUITests;
				PRODUCT_NAME = "$(TARGET_NAME)";
				TEST_TARGET_NAME = JZMultiChoicesCircleButton;
				USES_XCTRUNNER = YES;
			};
			name = Debug;
		};
		0D999C941BE8A6E4008810C1 /* Release */ = {
			isa = XCBuildConfiguration;
			buildSettings = {
				INFOPLIST_FILE = JZMultiChoicesCircleButtonUITests/Info.plist;
				LD_RUNPATH_SEARCH_PATHS = "$(inherited) @executable_path/Frameworks @loader_path/Frameworks";
				PRODUCT_BUNDLE_IDENTIFIER = com.JustZht.JZMultiChoicesCircleButtonUITests;
				PRODUCT_NAME = "$(TARGET_NAME)";
				TEST_TARGET_NAME = JZMultiChoicesCircleButton;
				USES_XCTRUNNER = YES;
			};
			name = Release;
		};
/* End XCBuildConfiguration section */

/* Begin XCConfigurationList section */
		0D999C5A1BE8A6E3008810C1 /* Build configuration list for PBXProject "JZMultiChoicesCircleButton" */ = {
			isa = XCConfigurationList;
			buildConfigurations = (
				0D999C8A1BE8A6E3008810C1 /* Debug */,
				0D999C8B1BE8A6E3008810C1 /* Release */,
			);
			defaultConfigurationIsVisible = 0;
			defaultConfigurationName = Release;
		};
		0D999C8C1BE8A6E4008810C1 /* Build configuration list for PBXNativeTarget "JZMultiChoicesCircleButton" */ = {
			isa = XCConfigurationList;
			buildConfigurations = (
				0D999C8D1BE8A6E4008810C1 /* Debug */,
				0D999C8E1BE8A6E4008810C1 /* Release */,
			);
			defaultConfigurationIsVisible = 0;
		};
		0D999C8F1BE8A6E4008810C1 /* Build configuration list for PBXNativeTarget "JZMultiChoicesCircleButtonTests" */ = {
			isa = XCConfigurationList;
			buildConfigurations = (
				0D999C901BE8A6E4008810C1 /* Debug */,
				0D999C911BE8A6E4008810C1 /* Release */,
			);
			defaultConfigurationIsVisible = 0;
		};
		0D999C921BE8A6E4008810C1 /* Build configuration list for PBXNativeTarget "JZMultiChoicesCircleButtonUITests" */ = {
			isa = XCConfigurationList;
			buildConfigurations = (
				0D999C931BE8A6E4008810C1 /* Debug */,
				0D999C941BE8A6E4008810C1 /* Release */,
			);
			defaultConfigurationIsVisible = 0;
		};
/* End XCConfigurationList section */
	};
	rootObject = 0D999C571BE8A6E3008810C1 /* Project object */;
}
